
Microsoft Visual Studio Solution File, Format Version 12.00
# Visual Studio 15
VisualStudioVersion = 15.0.28124.53
MinimumVisualStudioVersion = 10.0.40219.1
Project("{FAE04EC0-301F-11D3-BF4B-00C04F79EFBC}") = "App6.Android", "App6\App6.Android\App6.Android.csproj", "{2D202A1B-B735-4C99-881B-CBB30FC43FE8}"
EndProject
Project("{FAE04EC0-301F-11D3-BF4B-00C04F79EFBC}") = "App6.iOS", "App6\App6.iOS\App6.iOS.csproj", "{EE3B360E-A650-43F9-9FA6-EC3604B1B0B9}"
EndProject
Project("{9A19103F-16F7-4668-BE54-9A1E7A4F7556}") = "App6", "App6\App6\App6.csproj", "{55AB4C2D-66B1-4799-9716-53FE15F7756B}"
EndProject
Global
	GlobalSection(SolutionConfigurationPlatforms) = preSolution
		Ad-Hoc|Any CPU = Ad-Hoc|Any CPU
		Ad-Hoc|iPhone = Ad-Hoc|iPhone
		Ad-Hoc|iPhoneSimulator = Ad-Hoc|iPhoneSimulator
		AppStore|Any CPU = AppStore|Any CPU
		AppStore|iPhone = AppStore|iPhone
		AppStore|iPhoneSimulator = AppStore|iPhoneSimulator
		Debug|Any CPU = Debug|Any CPU
		Debug|iPhone = Debug|iPhone
		Debug|iPhoneSimulator = Debug|iPhoneSimulator
		Release|Any CPU = Release|Any CPU
		Release|iPhone = Release|iPhone
		Release|iPhoneSimulator = Release|iPhoneSimulator
	EndGlobalSection
	GlobalSection(ProjectConfigurationPlatforms) = postSolution
		{2D202A1B-B735-4C99-881B-CBB30FC43FE8}.Ad-Hoc|Any CPU.ActiveCfg = Release|Any CPU
		{2D202A1B-B735-4C99-881B-CBB30FC43FE8}.Ad-Hoc|Any CPU.Build.0 = Release|Any CPU
		{2D202A1B-B735-4C99-881B-CBB30FC43FE8}.Ad-Hoc|Any CPU.Deploy.0 = Release|Any CPU
		{2D202A1B-B735-4C99-881B-CBB30FC43FE8}.Ad-Hoc|iPhone.ActiveCfg = Release|Any CPU
		{2D202A1B-B735-4C99-881B-CBB30FC43FE8}.Ad-Hoc|iPhone.Build.0 = Release|Any CPU
		{2D202A1B-B735-4C99-881B-CBB30FC43FE8}.Ad-Hoc|iPhone.Deploy.0 = Release|Any CPU
		{2D202A1B-B735-4C99-881B-CBB30FC43FE8}.Ad-Hoc|iPhoneSimulator.ActiveCfg = Release|Any CPU
		{2D202A1B-B735-4C99-881B-CBB30FC43FE8}.Ad-Hoc|iPhoneSimulator.Build.0 = Release|Any CPU
		{2D202A1B-B735-4C99-881B-CBB30FC43FE8}.Ad-Hoc|iPhoneSimulator.Deploy.0 = Release|Any CPU
		{2D202A1B-B735-4C99-881B-CBB30FC43FE8}.AppStore|Any CPU.ActiveCfg = Release|Any CPU
		{2D202A1B-B735-4C99-881B-CBB30FC43FE8}.AppStore|Any CPU.Build.0 = Release|Any CPU
		{2D202A1B-B735-4C99-881B-CBB30FC43FE8}.AppStore|Any CPU.Deploy.0 = Release|Any CPU
		{2D202A1B-B735-4C99-881B-CBB30FC43FE8}.AppStore|iPhone.ActiveCfg = Release|Any CPU
		{2D202A1B-B735-4C99-881B-CBB30FC43FE8}.AppStore|iPhone.Build.0 = Release|Any CPU
		{2D202A1B-B735-4C99-881B-CBB30FC43FE8}.AppStore|iPhone.Deploy.0 = Release|Any CPU
		{2D202A1B-B735-4C99-881B-CBB30FC43FE8}.AppStore|iPhoneSimulator.ActiveCfg = Release|Any CPU
		{2D202A1B-B735-4C99-881B-CBB30FC43FE8}.AppStore|iPhoneSimulator.Build.0 = Release|Any CPU
		{2D202A1B-B735-4C99-881B-CBB30FC43FE8}.AppStore|iPhoneSimulator.Deploy.0 = Release|Any CPU
		{2D202A1B-B735-4C99-881B-CBB30FC43FE8}.Debug|Any CPU.ActiveCfg = Debug|Any CPU
		{2D202A1B-B735-4C99-881B-CBB30FC43FE8}.Debug|Any CPU.Build.0 = Debug|Any CPU
		{2D202A1B-B735-4C99-881B-CBB30FC43FE8}.Debug|Any CPU.Deploy.0 = Debug|Any CPU
		{2D202A1B-B735-4C99-881B-CBB30FC43FE8}.Debug|iPhone.ActiveCfg = Debug|Any CPU
		{2D202A1B-B735-4C99-881B-CBB30FC43FE8}.Debug|iPhone.Build.0 = Debug|Any CPU
		{2D202A1B-B735-4C99-881B-CBB30FC43FE8}.Debug|iPhone.Deploy.0 = Debug|Any CPU
		{2D202A1B-B735-4C99-881B-CBB30FC43FE8}.Debug|iPhoneSimulator.ActiveCfg = Debug|Any CPU
		{2D202A1B-B735-4C99-881B-CBB30FC43FE8}.Debug|iPhoneSimulator.Build.0 = Debug|Any CPU
		{2D202A1B-B735-4C99-881B-CBB30FC43FE8}.Debug|iPhoneSimulator.Deploy.0 = Debug|Any CPU
		{2D202A1B-B735-4C99-881B-CBB30FC43FE8}.Release|Any CPU.ActiveCfg = Release|Any CPU
		{2D202A1B-B735-4C99-881B-CBB30FC43FE8}.Release|Any CPU.Build.0 = Release|Any CPU
		{2D202A1B-B735-4C99-881B-CBB30FC43FE8}.Release|Any CPU.Deploy.0 = Release|Any CPU
		{2D202A1B-B735-4C99-881B-CBB30FC43FE8}.Release|iPhone.ActiveCfg = Release|Any CPU
		{2D202A1B-B735-4C99-881B-CBB30FC43FE8}.Release|iPhone.Build.0 = Release|Any CPU
		{2D202A1B-B735-4C99-881B-CBB30FC43FE8}.Release|iPhone.Deploy.0 = Release|Any CPU
		{2D202A1B-B735-4C99-881B-CBB30FC43FE8}.Release|iPhoneSimulator.ActiveCfg = Release|Any CPU
		{2D202A1B-B735-4C99-881B-CBB30FC43FE8}.Release|iPhoneSimulator.Build.0 = Release|Any CPU
		{2D202A1B-B735-4C99-881B-CBB30FC43FE8}.Release|iPhoneSimulator.Deploy.0 = Release|Any CPU
		{EE3B360E-A650-43F9-9FA6-EC3604B1B0B9}.Ad-Hoc|Any CPU.ActiveCfg = Ad-Hoc|iPhone
		{EE3B360E-A650-43F9-9FA6-EC3604B1B0B9}.Ad-Hoc|Any CPU.Build.0 = Ad-Hoc|iPhone
		{EE3B360E-A650-43F9-9FA6-EC3604B1B0B9}.Ad-Hoc|Any CPU.Deploy.0 = Ad-Hoc|iPhone
		{EE3B360E-A650-43F9-9FA6-EC3604B1B0B9}.Ad-Hoc|iPhone.ActiveCfg = Ad-Hoc|iPhone
		{EE3B360E-A650-43F9-9FA6-EC3604B1B0B9}.Ad-Hoc|iPhone.Build.0 = Ad-Hoc|iPhone
		{EE3B360E-A650-43F9-9FA6-EC3604B1B0B9}.Ad-Hoc|iPhone.Deploy.0 = Ad-Hoc|iPhone
		{EE3B360E-A650-43F9-9FA6-EC3604B1B0B9}.Ad-Hoc|iPhoneSimulator.ActiveCfg = Ad-Hoc|iPhoneSimulator
		{EE3B360E-A650-43F9-9FA6-EC3604B1B0B9}.Ad-Hoc|iPhoneSimulator.Build.0 = Ad-Hoc|iPhoneSimulator
		{EE3B360E-A650-43F9-9FA6-EC3604B1B0B9}.Ad-Hoc|iPhoneSimulator.Deploy.0 = Ad-Hoc|iPhoneSimulator
		{EE3B360E-A650-43F9-9FA6-EC3604B1B0B9}.AppStore|Any CPU.ActiveCfg = AppStore|iPhone
		{EE3B360E-A650-43F9-9FA6-EC3604B1B0B9}.AppStore|Any CPU.Build.0 = AppStore|iPhone
		{EE3B360E-A650-43F9-9FA6-EC3604B1B0B9}.AppStore|Any CPU.Deploy.0 = AppStore|iPhone
		{EE3B360E-A650-43F9-9FA6-EC3604B1B0B9}.AppStore|iPhone.ActiveCfg = AppStore|iPhone
		{EE3B360E-A650-43F9-9FA6-EC3604B1B0B9}.AppStore|iPhone.Build.0 = AppStore|iPhone
		{EE3B360E-A650-43F9-9FA6-EC3604B1B0B9}.AppStore|iPhone.Deploy.0 = AppStore|iPhone
		{EE3B360E-A650-43F9-9FA6-EC3604B1B0B9}.AppStore|iPhoneSimulator.ActiveCfg = AppStore|iPhoneSimulator
		{EE3B360E-A650-43F9-9FA6-EC3604B1B0B9}.AppStore|iPhoneSimulator.Build.0 = AppStore|iPhoneSimulator
		{EE3B360E-A650-43F9-9FA6-EC3604B1B0B9}.AppStore|iPhoneSimulator.Deploy.0 = AppStore|iPhoneSimulator
		{EE3B360E-A650-43F9-9FA6-EC3604B1B0B9}.Debug|Any CPU.ActiveCfg = Debug|iPhoneSimulator
		{EE3B360E-A650-43F9-9FA6-EC3604B1B0B9}.Debug|Any CPU.Build.0 = Debug|iPhoneSimulator
		{EE3B360E-A650-43F9-9FA6-EC3604B1B0B9}.Debug|Any CPU.Deploy.0 = Debug|iPhoneSimulator
		{EE3B360E-A650-43F9-9FA6-EC3604B1B0B9}.Debug|iPhone.ActiveCfg = Debug|iPhone
		{EE3B360E-A650-43F9-9FA6-EC3604B1B0B9}.Debug|iPhone.Build.0 = Debug|iPhone
		{EE3B360E-A650-43F9-9FA6-EC3604B1B0B9}.Debug|iPhone.Deploy.0 = Debug|iPhone
		{EE3B360E-A650-43F9-9FA6-EC3604B1B0B9}.Debug|iPhoneSimulator.ActiveCfg = Debug|iPhoneSimulator
		{EE3B360E-A650-43F9-9FA6-EC3604B1B0B9}.Debug|iPhoneSimulator.Build.0 = Debug|iPhoneSimulator
		{EE3B360E-A650-43F9-9FA6-EC3604B1B0B9}.Debug|iPhoneSimulator.Deploy.0 = Debug|iPhoneSimulator
		{EE3B360E-A650-43F9-9FA6-EC3604B1B0B9}.Release|Any CPU.ActiveCfg = Release|iPhone
		{EE3B360E-A650-43F9-9FA6-EC3604B1B0B9}.Release|Any CPU.Build.0 = Release|iPhone
		{EE3B360E-A650-43F9-9FA6-EC3604B1B0B9}.Release|Any CPU.Deploy.0 = Release|iPhone
		{EE3B360E-A650-43F9-9FA6-EC3604B1B0B9}.Release|iPhone.ActiveCfg = Release|iPhone
		{EE3B360E-A650-43F9-9FA6-EC3604B1B0B9}.Release|iPhone.Build.0 = Release|iPhone
		{EE3B360E-A650-43F9-9FA6-EC3604B1B0B9}.Release|iPhone.Deploy.0 = Release|iPhone
		{EE3B360E-A650-43F9-9FA6-EC3604B1B0B9}.Release|iPhoneSimulator.ActiveCfg = Release|iPhoneSimulator
		{EE3B360E-A650-43F9-9FA6-EC3604B1B0B9}.Release|iPhoneSimulator.Build.0 = Release|iPhoneSimulator
		{EE3B360E-A650-43F9-9FA6-EC3604B1B0B9}.Release|iPhoneSimulator.Deploy.0 = Release|iPhoneSimulator
		{55AB4C2D-66B1-4799-9716-53FE15F7756B}.Ad-Hoc|Any CPU.ActiveCfg = Debug|Any CPU
		{55AB4C2D-66B1-4799-9716-53FE15F7756B}.Ad-Hoc|Any CPU.Build.0 = Debug|Any CPU
		{55AB4C2D-66B1-4799-9716-53FE15F7756B}.Ad-Hoc|Any CPU.Deploy.0 = Debug|Any CPU
		{55AB4C2D-66B1-4799-9716-53FE15F7756B}.Ad-Hoc|iPhone.ActiveCfg = Debug|Any CPU
		{55AB4C2D-66B1-4799-9716-53FE15F7756B}.Ad-Hoc|iPhone.Build.0 = Debug|Any CPU
		{55AB4C2D-66B1-4799-9716-53FE15F7756B}.Ad-Hoc|iPhone.Deploy.0 = Debug|Any CPU
		{55AB4C2D-66B1-4799-9716-53FE15F7756B}.Ad-Hoc|iPhoneSimulator.ActiveCfg = Debug|Any CPU
		{55AB4C2D-66B1-4799-9716-53FE15F7756B}.Ad-Hoc|iPhoneSimulator.Build.0 = Debug|Any CPU
		{55AB4C2D-66B1-4799-9716-53FE15F7756B}.Ad-Hoc|iPhoneSimulator.Deploy.0 = Debug|Any CPU
		{55AB4C2D-66B1-4799-9716-53FE15F7756B}.AppStore|Any CPU.ActiveCfg = Debug|Any CPU
		{55AB4C2D-66B1-4799-9716-53FE15F7756B}.AppStore|Any CPU.Build.0 = Debug|Any CPU
		{55AB4C2D-66B1-4799-9716-53FE15F7756B}.AppStore|Any CPU.Deploy.0 = Debug|Any CPU
		{55AB4C2D-66B1-4799-9716-53FE15F7756B}.AppStore|iPhone.ActiveCfg = Debug|Any CPU
		{55AB4C2D-66B1-4799-9716-53FE15F7756B}.AppStore|iPhone.Build.0 = Debug|Any CPU
		{55AB4C2D-66B1-4799-9716-53FE15F7756B}.AppStore|iPhone.Deploy.0 = Debug|Any CPU
		{55AB4C2D-66B1-4799-9716-53FE15F7756B}.AppStore|iPhoneSimulator.ActiveCfg = Debug|Any CPU
		{55AB4C2D-66B1-4799-9716-53FE15F7756B}.AppStore|iPhoneSimulator.Build.0 = Debug|Any CPU
		{55AB4C2D-66B1-4799-9716-53FE15F7756B}.AppStore|iPhoneSimulator.Deploy.0 = Debug|Any CPU
		{55AB4C2D-66B1-4799-9716-53FE15F7756B}.Debug|Any CPU.ActiveCfg = Debug|Any CPU
		{55AB4C2D-66B1-4799-9716-53FE15F7756B}.Debug|Any CPU.Build.0 = Debug|Any CPU
		{55AB4C2D-66B1-4799-9716-53FE15F7756B}.Debug|Any CPU.Deploy.0 = Debug|Any CPU
		{55AB4C2D-66B1-4799-9716-53FE15F7756B}.Debug|iPhone.ActiveCfg = Debug|Any CPU
		{55AB4C2D-66B1-4799-9716-53FE15F7756B}.Debug|iPhone.Build.0 = Debug|Any CPU
		{55AB4C2D-66B1-4799-9716-53FE15F7756B}.Debug|iPhone.Deploy.0 = Debug|Any CPU
		{55AB4C2D-66B1-4799-9716-53FE15F7756B}.Debug|iPhoneSimulator.ActiveCfg = Debug|Any CPU
		{55AB4C2D-66B1-4799-9716-53FE15F7756B}.Debug|iPhoneSimulator.Build.0 = Debug|Any CPU
		{55AB4C2D-66B1-4799-9716-53FE15F7756B}.Debug|iPhoneSimulator.Deploy.0 = Debug|Any CPU
		{55AB4C2D-66B1-4799-9716-53FE15F7756B}.Release|Any CPU.ActiveCfg = Release|Any CPU
		{55AB4C2D-66B1-4799-9716-53FE15F7756B}.Release|Any CPU.Build.0 = Release|Any CPU
		{55AB4C2D-66B1-4799-9716-53FE15F7756B}.Release|Any CPU.Deploy.0 = Release|Any CPU
		{55AB4C2D-66B1-4799-9716-53FE15F7756B}.Release|iPhone.ActiveCfg = Release|Any CPU
		{55AB4C2D-66B1-4799-9716-53FE15F7756B}.Release|iPhone.Build.0 = Release|Any CPU
		{55AB4C2D-66B1-4799-9716-53FE15F7756B}.Release|iPhone.Deploy.0 = Release|Any CPU
		{55AB4C2D-66B1-4799-9716-53FE15F7756B}.Release|iPhoneSimulator.ActiveCfg = Release|Any CPU
		{55AB4C2D-66B1-4799-9716-53FE15F7756B}.Release|iPhoneSimulator.Build.0 = Release|Any CPU
		{55AB4C2D-66B1-4799-9716-53FE15F7756B}.Release|iPhoneSimulator.Deploy.0 = Release|Any CPU
	EndGlobalSection
	GlobalSection(SolutionProperties) = preSolution
		HideSolutionNode = FALSE
	EndGlobalSection
	GlobalSection(ExtensibilityGlobals) = postSolution
		SolutionGuid = {C3DCD003-36D0-483A-84DF-CB01CFB1E30A}
	EndGlobalSection
EndGlobal
